
Microsoft Visual Studio Solution File, Format Version 12.00
# Visual Studio 2012
Project("{FAE04EC0-301F-11D3-BF4B-00C04F79EFBC}") = "HierarchicalNavigationSample", "HierarchicalNavigationSample\HierarchicalNavigationSample.csproj", "{CB527FA9-FAC8-41DF-BFBD-CD447E964CAF}"
EndProject
Project("{FAE04EC0-301F-11D3-BF4B-00C04F79EFBC}") = "HierarchicalNavigationSample.iOS", "iOS\HierarchicalNavigationSample.iOS.csproj", "{166941FF-2267-46A7-ABBD-6E00A036D86B}"
EndProject
Project("{FAE04EC0-301F-11D3-BF4B-00C04F79EFBC}") = "HierarchicalNavigationSample.Droid", "Droid\HierarchicalNavigationSample.Droid.csproj", "{5C77AAEF-17E1-4D25-ACAF-75EF7F7E4BA8}"
EndProject
Global
	GlobalSection(SolutionConfigurationPlatforms) = preSolution
		Debug|Any CPU = Debug|Any CPU
		Release|Any CPU = Release|Any CPU
		Debug|iPhoneSimulator = Debug|iPhoneSimulator
		Release|iPhone = Release|iPhone
		Release|iPhoneSimulator = Release|iPhoneSimulator
		Debug|iPhone = Debug|iPhone
	EndGlobalSection
	GlobalSection(ProjectConfigurationPlatforms) = postSolution
		{CB527FA9-FAC8-41DF-BFBD-CD447E964CAF}.Debug|Any CPU.ActiveCfg = Debug|Any CPU
		{CB527FA9-FAC8-41DF-BFBD-CD447E964CAF}.Debug|Any CPU.Build.0 = Debug|Any CPU
		{CB527FA9-FAC8-41DF-BFBD-CD447E964CAF}.Release|Any CPU.ActiveCfg = Release|Any CPU
		{CB527FA9-FAC8-41DF-BFBD-CD447E964CAF}.Release|Any CPU.Build.0 = Release|Any CPU
		{CB527FA9-FAC8-41DF-BFBD-CD447E964CAF}.Debug|iPhoneSimulator.ActiveCfg = Debug|Any CPU
		{CB527FA9-FAC8-41DF-BFBD-CD447E964CAF}.Debug|iPhoneSimulator.Build.0 = Debug|Any CPU
		{CB527FA9-FAC8-41DF-BFBD-CD447E964CAF}.Release|iPhone.ActiveCfg = Release|Any CPU
		{CB527FA9-FAC8-41DF-BFBD-CD447E964CAF}.Release|iPhone.Build.0 = Release|Any CPU
		{CB527FA9-FAC8-41DF-BFBD-CD447E964CAF}.Release|iPhoneSimulator.ActiveCfg = Release|Any CPU
		{CB527FA9-FAC8-41DF-BFBD-CD447E964CAF}.Release|iPhoneSimulator.Build.0 = Release|Any CPU
		{CB527FA9-FAC8-41DF-BFBD-CD447E964CAF}.Debug|iPhone.ActiveCfg = Debug|Any CPU
		{CB527FA9-FAC8-41DF-BFBD-CD447E964CAF}.Debug|iPhone.Build.0 = Debug|Any CPU
		{166941FF-2267-46A7-ABBD-6E00A036D86B}.Debug|Any CPU.ActiveCfg = Debug|iPhoneSimulator
		{166941FF-2267-46A7-ABBD-6E00A036D86B}.Debug|Any CPU.Build.0 = Debug|iPhoneSimulator
		{166941FF-2267-46A7-ABBD-6E00A036D86B}.Release|Any CPU.ActiveCfg = Release|iPhone
		{166941FF-2267-46A7-ABBD-6E00A036D86B}.Release|Any CPU.Build.0 = Release|iPhone
		{166941FF-2267-46A7-ABBD-6E00A036D86B}.Debug|iPhoneSimulator.ActiveCfg = Debug|iPhoneSimulator
		{166941FF-2267-46A7-ABBD-6E00A036D86B}.Debug|iPhoneSimulator.Build.0 = Debug|iPhoneSimulator
		{166941FF-2267-46A7-ABBD-6E00A036D86B}.Release|iPhone.ActiveCfg = Release|iPhone
		{166941FF-2267-46A7-ABBD-6E00A036D86B}.Release|iPhone.Build.0 = Release|iPhone
		{166941FF-2267-46A7-ABBD-6E00A036D86B}.Release|iPhoneSimulator.ActiveCfg = Release|iPhoneSimulator
		{166941FF-2267-46A7-ABBD-6E00A036D86B}.Release|iPhoneSimulator.Build.0 = Release|iPhoneSimulator
		{166941FF-2267-46A7-ABBD-6E00A036D86B}.Debug|iPhone.ActiveCfg = Debug|iPhone
		{166941FF-2267-46A7-ABBD-6E00A036D86B}.Debug|iPhone.Build.0 = Debug|iPhone
		{5C77AAEF-17E1-4D25-ACAF-75EF7F7E4BA8}.Debug|Any CPU.ActiveCfg = Debug|Any CPU
		{5C77AAEF-17E1-4D25-ACAF-75EF7F7E4BA8}.Debug|Any CPU.Build.0 = Debug|Any CPU
		{5C77AAEF-17E1-4D25-ACAF-75EF7F7E4BA8}.Release|Any CPU.ActiveCfg = Release|Any CPU
		{5C77AAEF-17E1-4D25-ACAF-75EF7F7E4BA8}.Release|Any CPU.Build.0 = Release|Any CPU
		{5C77AAEF-17E1-4D25-ACAF-75EF7F7E4BA8}.Debug|iPhoneSimulator.ActiveCfg = Debug|Any CPU
		{5C77AAEF-17E1-4D25-ACAF-75EF7F7E4BA8}.Debug|iPhoneSimulator.Build.0 = Debug|Any CPU
		{5C77AAEF-17E1-4D25-ACAF-75EF7F7E4BA8}.Release|iPhone.ActiveCfg = Release|Any CPU
		{5C77AAEF-17E1-4D25-ACAF-75EF7F7E4BA8}.Release|iPhone.Build.0 = Release|Any CPU
		{5C77AAEF-17E1-4D25-ACAF-75EF7F7E4BA8}.Release|iPhoneSimulator.ActiveCfg = Release|Any CPU
		{5C77AAEF-17E1-4D25-ACAF-75EF7F7E4BA8}.Release|iPhoneSimulator.Build.0 = Release|Any CPU
		{5C77AAEF-17E1-4D25-ACAF-75EF7F7E4BA8}.Debug|iPhone.ActiveCfg = Debug|Any CPU
		{5C77AAEF-17E1-4D25-ACAF-75EF7F7E4BA8}.Debug|iPhone.Build.0 = Debug|Any CPU
	EndGlobalSection
EndGlobal
